Microsoft Visual Studio Solution File, Format Version 12.00
# Visual Studio Version 17
VisualStudioVersion = 17.5.2.0
MinimumVisualStudioVersion = 10.0.40219.1
Project("{FAE04EC0-301F-11D3-BF4B-00C04F79EFBC}") = "CafeInventoryApi", "CafeInventoryApi.csproj", "{017AD56C-69EA-CCA6-7789-71F6CACA5629}"
EndProject
Global
	GlobalSection(SolutionConfigurationPlatforms) = preSolution
		Debug|Any CPU = Debug|Any CPU
		Release|Any CPU = Release|Any CPU
	EndGlobalSection
	GlobalSection(ProjectConfigurationPlatforms) = postSolution
		{017AD56C-69EA-CCA6-7789-71F6CACA5629}.Debug|Any CPU.ActiveCfg = Debug|Any CPU
		{017AD56C-69EA-CCA6-7789-71F6CACA5629}.Debug|Any CPU.Build.0 = Debug|Any CPU
		{017AD56C-69EA-CCA6-7789-71F6CACA5629}.Release|Any CPU.ActiveCfg = Release|Any CPU
		{017AD56C-69EA-CCA6-7789-71F6CACA5629}.Release|Any CPU.Build.0 = Release|Any CPU
	EndGlobalSection
	GlobalSection(SolutionProperties) = preSolution
		HideSolutionNode = FALSE
	EndGlobalSection
	GlobalSection(ExtensibilityGlobals) = postSolution
		SolutionGuid = {29D28A87-068A-41DE-A3F2-303D8C1E3F82}
	EndGlobalSection
EndGlobal
